
Microsoft Visual Studio Solution File, Format Version 12.00
# Visual Studio Version 16
VisualStudioVersion = 16.0.31729.503
MinimumVisualStudioVersion = 10.0.40219.1
Project("{8BC9CEB8-8B4A-11D0-8D11-00A0C91BC942}") = "ChiTietMay", "ChiTietMay\ChiTietMay.vcxproj", "{F4ACF977-4949-48AF-81FA-E341F2AE409B}"
EndProject
Global
	GlobalSection(SolutionConfigurationPlatforms) = preSolution
		Debug|x64 = Debug|x64
		Debug|x86 = Debug|x86
		Release|x64 = Release|x64
		Release|x86 = Release|x86
	EndGlobalSection
	GlobalSection(ProjectConfigurationPlatforms) = postSolution
		{F4ACF977-4949-48AF-81FA-E341F2AE409B}.Debug|x64.ActiveCfg = Debug|x64
		{F4ACF977-4949-48AF-81FA-E341F2AE409B}.Debug|x64.Build.0 = Debug|x64
		{F4ACF977-4949-48AF-81FA-E341F2AE409B}.Debug|x86.ActiveCfg = Debug|Win32
		{F4ACF977-4949-48AF-81FA-E341F2AE409B}.Debug|x86.Build.0 = Debug|Win32
		{F4ACF977-4949-48AF-81FA-E341F2AE409B}.Release|x64.ActiveCfg = Release|x64
		{F4ACF977-4949-48AF-81FA-E341F2AE409B}.Release|x64.Build.0 = Release|x64
		{F4ACF977-4949-48AF-81FA-E341F2AE409B}.Release|x86.ActiveCfg = Release|Win32
		{F4ACF977-4949-48AF-81FA-E341F2AE409B}.Release|x86.Build.0 = Release|Win32
	EndGlobalSection
	GlobalSection(SolutionProperties) = preSolution
		HideSolutionNode = FALSE
	EndGlobalSection
	GlobalSection(ExtensibilityGlobals) = postSolution
		SolutionGuid = {496A9978-8315-4AF8-9819-78C70FD8E7D5}
	EndGlobalSection
EndGlobal
