
Microsoft Visual Studio Solution File, Format Version 12.00
# Visual Studio Version 16
VisualStudioVersion = 16.0.31729.503
MinimumVisualStudioVersion = 10.0.40219.1
Project("{8BC9CEB8-8B4A-11D0-8D11-00A0C91BC942}") = "Bai 1", "Bai 1\Bai 1.vcxproj", "{38E5D9E7-1DDD-4A62-8C90-0B3037E35508}"
EndProject
Global
	GlobalSection(SolutionConfigurationPlatforms) = preSolution
		Debug|x64 = Debug|x64
		Debug|x86 = Debug|x86
		Release|x64 = Release|x64
		Release|x86 = Release|x86
	EndGlobalSection
	GlobalSection(ProjectConfigurationPlatforms) = postSolution
		{38E5D9E7-1DDD-4A62-8C90-0B3037E35508}.Debug|x64.ActiveCfg = Debug|x64
		{38E5D9E7-1DDD-4A62-8C90-0B3037E35508}.Debug|x64.Build.0 = Debug|x64
		{38E5D9E7-1DDD-4A62-8C90-0B3037E35508}.Debug|x86.ActiveCfg = Debug|Win32
		{38E5D9E7-1DDD-4A62-8C90-0B3037E35508}.Debug|x86.Build.0 = Debug|Win32
		{38E5D9E7-1DDD-4A62-8C90-0B3037E35508}.Release|x64.ActiveCfg = Release|x64
		{38E5D9E7-1DDD-4A62-8C90-0B3037E35508}.Release|x64.Build.0 = Release|x64
		{38E5D9E7-1DDD-4A62-8C90-0B3037E35508}.Release|x86.ActiveCfg = Release|Win32
		{38E5D9E7-1DDD-4A62-8C90-0B3037E35508}.Release|x86.Build.0 = Release|Win32
	EndGlobalSection
	GlobalSection(SolutionProperties) = preSolution
		HideSolutionNode = FALSE
	EndGlobalSection
	GlobalSection(ExtensibilityGlobals) = postSolution
		SolutionGuid = {D658614E-EADD-4D2B-9330-C5739D285D70}
	EndGlobalSection
EndGlobal
